
Microsoft Visual Studio Solution File, Format Version 12.00
# Visual Studio Version 17
VisualStudioVersion = 17.3.32819.101
MinimumVisualStudioVersion = 10.0.40219.1
Project("{FAE04EC0-301F-11D3-BF4B-00C04F79EFBC}") = "ce205-hw3-hashing-with-chaining", "ce205-hw3-hashing-with-chaining\ce205-hw3-hashing-with-chaining.csproj", "{3DB92042-33E5-4C84-8C70-54A3BF5FBD3B}"
EndProject
Project("{FAE04EC0-301F-11D3-BF4B-00C04F79EFBC}") = "ce205-hw3-open-addressing", "ce205-hw3-open-addressing\ce205-hw3-open-addressing.csproj", "{5E2D7DE6-8FE3-43DA-BE65-90EFE05EF998}"
EndProject
Project("{FAE04EC0-301F-11D3-BF4B-00C04F79EFBC}") = "ce205-hw3-test", "ce205-hw3-test\ce205-hw3-test.csproj", "{DBF5AAFA-F022-47B6-8762-9202F281BB6E}"
EndProject
Global
	GlobalSection(SolutionConfigurationPlatforms) = preSolution
		Debug|Any CPU = Debug|Any CPU
		Release|Any CPU = Release|Any CPU
	EndGlobalSection
	GlobalSection(ProjectConfigurationPlatforms) = postSolution
		{3DB92042-33E5-4C84-8C70-54A3BF5FBD3B}.Debug|Any CPU.ActiveCfg = Debug|Any CPU
		{3DB92042-33E5-4C84-8C70-54A3BF5FBD3B}.Debug|Any CPU.Build.0 = Debug|Any CPU
		{3DB92042-33E5-4C84-8C70-54A3BF5FBD3B}.Release|Any CPU.ActiveCfg = Release|Any CPU
		{3DB92042-33E5-4C84-8C70-54A3BF5FBD3B}.Release|Any CPU.Build.0 = Release|Any CPU
		{5E2D7DE6-8FE3-43DA-BE65-90EFE05EF998}.Debug|Any CPU.ActiveCfg = Debug|Any CPU
		{5E2D7DE6-8FE3-43DA-BE65-90EFE05EF998}.Debug|Any CPU.Build.0 = Debug|Any CPU
		{5E2D7DE6-8FE3-43DA-BE65-90EFE05EF998}.Release|Any CPU.ActiveCfg = Release|Any CPU
		{5E2D7DE6-8FE3-43DA-BE65-90EFE05EF998}.Release|Any CPU.Build.0 = Release|Any CPU
		{DBF5AAFA-F022-47B6-8762-9202F281BB6E}.Debug|Any CPU.ActiveCfg = Debug|Any CPU
		{DBF5AAFA-F022-47B6-8762-9202F281BB6E}.Debug|Any CPU.Build.0 = Debug|Any CPU
		{DBF5AAFA-F022-47B6-8762-9202F281BB6E}.Release|Any CPU.ActiveCfg = Release|Any CPU
		{DBF5AAFA-F022-47B6-8762-9202F281BB6E}.Release|Any CPU.Build.0 = Release|Any CPU
	EndGlobalSection
	GlobalSection(SolutionProperties) = preSolution
		HideSolutionNode = FALSE
	EndGlobalSection
	GlobalSection(ExtensibilityGlobals) = postSolution
		SolutionGuid = {BA6D7F06-2DA8-4188-ACAA-420791308340}
	EndGlobalSection
EndGlobal
